
Microsoft Visual Studio Solution File, Format Version 12.00
# Visual Studio 14
VisualStudioVersion = 14.0.23107.0
MinimumVisualStudioVersion = 10.0.40219.1
Project("{F184B08F-C81C-45F6-A57F-5ABD9991F28F}") = "Timer_function", "Timer_function\Timer_function.vbproj", "{3DEFDE7E-59A3-4A34-89D4-6BD77C687481}"
EndProject
Global
	GlobalSection(SolutionConfigurationPlatforms) = preSolution
		Debug|Any CPU = Debug|Any CPU
		Release|Any CPU = Release|Any CPU
	EndGlobalSection
	GlobalSection(ProjectConfigurationPlatforms) = postSolution
		{3DEFDE7E-59A3-4A34-89D4-6BD77C687481}.Debug|Any CPU.ActiveCfg = Debug|Any CPU
		{3DEFDE7E-59A3-4A34-89D4-6BD77C687481}.Debug|Any CPU.Build.0 = Debug|Any CPU
		{3DEFDE7E-59A3-4A34-89D4-6BD77C687481}.Release|Any CPU.ActiveCfg = Release|Any CPU
		{3DEFDE7E-59A3-4A34-89D4-6BD77C687481}.Release|Any CPU.Build.0 = Release|Any CPU
	EndGlobalSection
	GlobalSection(SolutionProperties) = preSolution
		HideSolutionNode = FALSE
	EndGlobalSection
EndGlobal
